// !$*UTF8*$!
{
	archiveVersion = 1;
	classes = {
	};
	objectVersion = 46;
	objects = {

/* Begin PBXBuildFile section */
		18512B441D0C7EFC00704EAD /* AppDelegate.swift in Sources */ = {isa = PBXBuildFile; fileRef = 18512B431D0C7EFC00704EAD /* AppDelegate.swift */; };
		18512B461D0C7EFC00704EAD /* ViewController.swift in Sources */ = {isa = PBXBuildFile; fileRef = 18512B451D0C7EFC00704EAD /* ViewController.swift */; };
		18512B491D0C7EFC00704EAD /* Main.storyboard in Resources */ = {isa = PBXBuildFile; fileRef = 18512B471D0C7EFC00704EAD /* Main.storyboard */; };
		18512B4B1D0C7EFC00704EAD /* Assets.xcassets in Resources */ = {isa = PBXBuildFile; fileRef = 18512B4A1D0C7EFC00704EAD /* Assets.xcassets */; };
		18512B4E1D0C7EFC00704EAD /* LaunchScreen.storyboard in Resources */ = {isa = PBXBuildFile; fileRef = 18512B4C1D0C7EFC00704EAD /* LaunchScreen.storyboard */; };
		18512B591D0C7EFC00704EAD /* test2Tests.swift in Sources */ = {isa = PBXBuildFile; fileRef = 18512B581D0C7EFC00704EAD /* test2Tests.swift */; };
		18512B641D0C7EFC00704EAD /* test2UITests.swift in Sources */ = {isa = PBXBuildFile; fileRef = 18512B631D0C7EFC00704EAD /* test2UITests.swift */; };
/* End PBXBuildFile section */

/* Begin PBXContainerItemProxy section */
		18512B551D0C7EFC00704EAD /* PBXContainerItemProxy */ = {
			isa = PBXContainerItemProxy;
			containerPortal = 18512B381D0C7EFB00704EAD /* Project object */;
			proxyType = 1;
			remoteGlobalIDString = 18512B3F1D0C7EFB00704EAD;
			remoteInfo = test2;
		};
		18512B601D0C7EFC00704EAD /* PBXContainerItemProxy */ = {
			isa = PBXContainerItemProxy;
			containerPortal = 18512B381D0C7EFB00704EAD /* Project object */;
			proxyType = 1;
			remoteGlobalIDString = 18512B3F1D0C7EFB00704EAD;
			remoteInfo = test2;
		};
/* End PBXContainerItemProxy section */

/* Begin PBXFileReference section */
		18512B401D0C7EFB00704EAD /* test2.app */ = {isa = PBXFileReference; explicitFileType = wrapper.application; includeInIndex = 0; path = test2.app; sourceTree = BUILT_PRODUCTS_DIR; };
		18512B431D0C7EFC00704EAD /* AppDelegate.swift */ = {isa = PBXFileReference; lastKnownFileType = sourcecode.swift; path = AppDelegate.swift; sourceTree = "<group>"; };
		18512B451D0C7EFC00704EAD /* ViewController.swift */ = {isa = PBXFileReference; lastKnownFileType = sourcecode.swift; path = ViewController.swift; sourceTree = "<group>"; };
		18512B481D0C7EFC00704EAD /* Base */ = {isa = PBXFileReference; lastKnownFileType = file.storyboard; name = Base; path = Base.lproj/Main.storyboard; sourceTree = "<group>"; };
		18512B4A1D0C7EFC00704EAD /* Assets.xcassets */ = {isa = PBXFileReference; lastKnownFileType = folder.assetcatalog; path = Assets.xcassets; sourceTree = "<group>"; };
		18512B4D1D0C7EFC00704EAD /* Base */ = {isa = PBXFileReference; lastKnownFileType = file.storyboard; name = Base; path = Base.lproj/LaunchScreen.storyboard; sourceTree = "<group>"; };
		18512B4F1D0C7EFC00704EAD /* Info.plist */ = {isa = PBXFileReference; lastKnownFileType = text.plist.xml; path = Info.plist; sourceTree = "<group>"; };
		18512B541D0C7EFC00704EAD /* test2Tests.xctest */ = {isa = PBXFileReference; explicitFileType = wrapper.cfbundle; includeInIndex = 0; path = test2Tests.xctest; sourceTree = BUILT_PRODUCTS_DIR; };
		18512B581D0C7EFC00704EAD /* test2Tests.swift */ = {isa = PBXFileReference; lastKnownFileType = sourcecode.swift; path = test2Tests.swift; sourceTree = "<group>"; };
		18512B5A1D0C7EFC00704EAD /* Info.plist */ = {isa = PBXFileReference; lastKnownFileType = text.plist.xml; path = Info.plist; sourceTree = "<group>"; };
		18512B5F1D0C7EFC00704EAD /* test2UITests.xctest */ = {isa = PBXFileReference; explicitFileType = wrapper.cfbundle; includeInIndex = 0; path = test2UITests.xctest; sourceTree = BUILT_PRODUCTS_DIR; };
		18512B631D0C7EFC00704EAD /* test2UITests.swift */ = {isa = PBXFileReference; lastKnownFileType = sourcecode.swift; path = test2UITests.swift; sourceTree = "<group>"; };
		18512B651D0C7EFC00704EAD /* Info.plist */ = {isa = PBXFileReference; lastKnownFileType = text.plist.xml; path = Info.plist; sourceTree = "<group>"; };
/* End PBXFileReference section */

/* Begin PBXFrameworksBuildPhase section */
		18512B3D1D0C7EFB00704EAD /* Frameworks */ = {
			isa = PBXFrameworksBuildPhase;
			buildActionMask = 2147483647;
			files = (
			);
			runOnlyForDeploymentPostprocessing = 0;
		};
		18512B511D0C7EFC00704EAD /* Frameworks */ = {
			isa = PBXFrameworksBuildPhase;
			buildActionMask = 2147483647;
			files = (
			);
			runOnlyForDeploymentPostprocessing = 0;
		};
		18512B5C1D0C7EFC00704EAD /* Frameworks */ = {
			isa = PBXFrameworksBuildPhase;
			buildActionMask = 2147483647;
			files = (
			);
			runOnlyForDeploymentPostprocessing = 0;
		};
/* End PBXFrameworksBuildPhase section */

/* Begin PBXGroup section */
		18512B371D0C7EFB00704EAD = {
			isa = PBXGroup;
			children = (
				18512B421D0C7EFB00704EAD /* test2 */,
				18512B571D0C7EFC00704EAD /* test2Tests */,
				18512B621D0C7EFC00704EAD /* test2UITests */,
				18512B411D0C7EFB00704EAD /* Products */,
			);
			sourceTree = "<group>";
		};
		18512B411D0C7EFB00704EAD /* Products */ = {
			isa = PBXGroup;
			children = (
				18512B401D0C7EFB00704EAD /* test2.app */,
				18512B541D0C7EFC00704EAD /* test2Tests.xctest */,
				18512B5F1D0C7EFC00704EAD /* test2UITests.xctest */,
			);
			name = Products;
			sourceTree = "<group>";
		};
		18512B421D0C7EFB00704EAD /* test2 */ = {
			isa = PBXGroup;
			children = (
				18512B431D0C7EFC00704EAD /* AppDelegate.swift */,
				18512B451D0C7EFC00704EAD /* ViewController.swift */,
				18512B471D0C7EFC00704EAD /* Main.storyboard */,
				18512B4A1D0C7EFC00704EAD /* Assets.xcassets */,
				18512B4C1D0C7EFC00704EAD /* LaunchScreen.storyboard */,
				18512B4F1D0C7EFC00704EAD /* Info.plist */,
			);
			path = test2;
			sourceTree = "<group>";
		};
		18512B571D0C7EFC00704EAD /* test2Tests */ = {
			isa = PBXGroup;
			children = (
				18512B581D0C7EFC00704EAD /* test2Tests.swift */,
				18512B5A1D0C7EFC00704EAD /* Info.plist */,
			);
			path = test2Tests;
			sourceTree = "<group>";
		};
		18512B621D0C7EFC00704EAD /* test2UITests */ = {
			isa = PBXGroup;
			children = (
				18512B631D0C7EFC00704EAD /* test2UITests.swift */,
				18512B651D0C7EFC00704EAD /* Info.plist */,
			);
			path = test2UITests;
			sourceTree = "<group>";
		};
/* End PBXGroup section */

/* Begin PBXNativeTarget section */
		18512B3F1D0C7EFB00704EAD /* test2 */ = {
			isa = PBXNativeTarget;
			buildConfigurationList = 18512B681D0C7EFC00704EAD /* Build configuration list for PBXNativeTarget "test2" */;
			buildPhases = (
				18512B3C1D0C7EFB00704EAD /* Sources */,
				18512B3D1D0C7EFB00704EAD /* Frameworks */,
				18512B3E1D0C7EFB00704EAD /* Resources */,
			);
			buildRules = (
			);
			dependencies = (
			);
			name = test2;
			productName = test2;
			productReference = 18512B401D0C7EFB00704EAD /* test2.app */;
			productType = "com.apple.product-type.application";
		};
		18512B531D0C7EFC00704EAD /* test2Tests */ = {
			isa = PBXNativeTarget;
			buildConfigurationList = 18512B6B1D0C7EFC00704EAD /* Build configuration list for PBXNativeTarget "test2Tests" */;
			buildPhases = (
				18512B501D0C7EFC00704EAD /* Sources */,
				18512B511D0C7EFC00704EAD /* Frameworks */,
				18512B521D0C7EFC00704EAD /* Resources */,
			);
			buildRules = (
			);
			dependencies = (
				18512B561D0C7EFC00704EAD /* PBXTargetDependency */,
			);
			name = test2Tests;
			productName = test2Tests;
			productReference = 18512B541D0C7EFC00704EAD /* test2Tests.xctest */;
			productType = "com.apple.product-type.bundle.unit-test";
		};
		18512B5E1D0C7EFC00704EAD /* test2UITests */ = {
			isa = PBXNativeTarget;
			buildConfigurationList = 18512B6E1D0C7EFC00704EAD /* Build configuration list for PBXNativeTarget "test2UITests" */;
			buildPhases = (
				18512B5B1D0C7EFC00704EAD /* Sources */,
				18512B5C1D0C7EFC00704EAD /* Frameworks */,
				18512B5D1D0C7EFC00704EAD /* Resources */,
			);
			buildRules = (
			);
			dependencies = (
				18512B611D0C7EFC00704EAD /* PBXTargetDependency */,
			);
			name = test2UITests;
			productName = test2UITests;
			productReference = 18512B5F1D0C7EFC00704EAD /* test2UITests.xctest */;
			productType = "com.apple.product-type.bundle.ui-testing";
		};
/* End PBXNativeTarget section */

/* Begin PBXProject section */
		18512B381D0C7EFB00704EAD /* Project object */ = {
			isa = PBXProject;
			attributes = {
				LastSwiftUpdateCheck = 0730;
				LastUpgradeCheck = 0730;
				ORGANIZATIONNAME = apple;
				TargetAttributes = {
					18512B3F1D0C7EFB00704EAD = {
						CreatedOnToolsVersion = 7.3.1;
					};
					18512B531D0C7EFC00704EAD = {
						CreatedOnToolsVersion = 7.3.1;
						TestTargetID = 18512B3F1D0C7EFB00704EAD;
					};
					18512B5E1D0C7EFC00704EAD = {
						CreatedOnToolsVersion = 7.3.1;
						TestTargetID = 18512B3F1D0C7EFB00704EAD;
					};
				};
			};
			buildConfigurationList = 18512B3B1D0C7EFB00704EAD /* Build configuration list for PBXProject "test2" */;
			compatibilityVersion = "Xcode 3.2";
			developmentRegion = English;
			hasScannedForEncodings = 0;
			knownRegions = (
				en,
				Base,
			);
			mainGroup = 18512B371D0C7EFB00704EAD;
			productRefGroup = 18512B411D0C7EFB00704EAD /* Products */;
			projectDirPath = "";
			projectRoot = "";
			targets = (
				18512B3F1D0C7EFB00704EAD /* test2 */,
				18512B531D0C7EFC00704EAD /* test2Tests */,
				18512B5E1D0C7EFC00704EAD /* test2UITests */,
			);
		};
/* End PBXProject section */

/* Begin PBXResourcesBuildPhase section */
		18512B3E1D0C7EFB00704EAD /* Resources */ = {
			isa = PBXResourcesBuildPhase;
			buildActionMask = 2147483647;
			files = (
				18512B4E1D0C7EFC00704EAD /* LaunchScreen.storyboard in Resources */,
				18512B4B1D0C7EFC00704EAD /* Assets.xcassets in Resources */,
				18512B491D0C7EFC00704EAD /* Main.storyboard in Resources */,
			);
			runOnlyForDeploymentPostprocessing = 0;
		};
		18512B521D0C7EFC00704EAD /* Resources */ = {
			isa = PBXResourcesBuildPhase;
			buildActionMask = 2147483647;
			files = (
			);
			runOnlyForDeploymentPostprocessing = 0;
		};
		18512B5D1D0C7EFC00704EAD /* Resources */ = {
			isa = PBXResourcesBuildPhase;
			buildActionMask = 2147483647;
			files = (
			);
			runOnlyForDeploymentPostprocessing = 0;
		};
/* End PBXResourcesBuildPhase section */

/* Begin PBXSourcesBuildPhase section */
		18512B3C1D0C7EFB00704EAD /* Sources */ = {
			isa = PBXSourcesBuildPhase;
			buildActionMask = 2147483647;
			files = (
				18512B461D0C7EFC00704EAD /* ViewController.swift in Sources */,
				18512B441D0C7EFC00704EAD /* AppDelegate.swift in Sources */,
			);
			runOnlyForDeploymentPostprocessing = 0;
		};
		18512B501D0C7EFC00704EAD /* Sources */ = {
			isa = PBXSourcesBuildPhase;
			buildActionMask = 2147483647;
			files = (
				18512B591D0C7EFC00704EAD /* test2Tests.swift in Sources */,
			);
			runOnlyForDeploymentPostprocessing = 0;
		};
		18512B5B1D0C7EFC00704EAD /* Sources */ = {
			isa = PBXSourcesBuildPhase;
			buildActionMask = 2147483647;
			files = (
				18512B641D0C7EFC00704EAD /* test2UITests.swift in Sources */,
			);
			runOnlyForDeploymentPostprocessing = 0;
		};
/* End PBXSourcesBuildPhase section */

/* Begin PBXTargetDependency section */
		18512B561D0C7EFC00704EAD /* PBXTargetDependency */ = {
			isa = PBXTargetDependency;
			target = 18512B3F1D0C7EFB00704EAD /* test2 */;
			targetProxy = 18512B551D0C7EFC00704EAD /* PBXContainerItemProxy */;
		};
		18512B611D0C7EFC00704EAD /* PBXTargetDependency */ = {
			isa = PBXTargetDependency;
			target = 18512B3F1D0C7EFB00704EAD /* test2 */;
			targetProxy = 18512B601D0C7EFC00704EAD /* PBXContainerItemProxy */;
		};
/* End PBXTargetDependency section */

/* Begin PBXVariantGroup section */
		18512B471D0C7EFC00704EAD /* Main.storyboard */ = {
			isa = PBXVariantGroup;
			children = (
				18512B481D0C7EFC00704EAD /* Base */,
			);
			name = Main.storyboard;
			sourceTree = "<group>";
		};
		18512B4C1D0C7EFC00704EAD /* LaunchScreen.storyboard */ = {
			isa = PBXVariantGroup;
			children = (
				18512B4D1D0C7EFC00704EAD /* Base */,
			);
			name = LaunchScreen.storyboard;
			sourceTree = "<group>";
		};
/* End PBXVariantGroup section */

/* Begin XCBuildConfiguration section */
		18512B661D0C7EFC00704EAD /* Debug */ = {
			isa = XCBuildConfiguration;
			buildSettings = {
				ALWAYS_SEARCH_USER_PATHS = NO;
				CLANG_ANALYZER_NONNULL = YES;
				CLANG_CXX_LANGUAGE_STANDARD = "gnu++0x";
				CLANG_CXX_LIBRARY = "libc++";
				CLANG_ENABLE_MODULES = YES;
				CLANG_ENABLE_OBJC_ARC = YES;
				CLANG_WARN_BOOL_CONVERSION = YES;
				CLANG_WARN_CONSTANT_CONVERSION = YES;
				CLANG_WARN_DIRECT_OBJC_ISA_USAGE = YES_ERROR;
				CLANG_WARN_EMPTY_BODY = YES;
				CLANG_WARN_ENUM_CONVERSION = YES;
				CLANG_WARN_INT_CONVERSION = YES;
				CLANG_WARN_OBJC_ROOT_CLASS = YES_ERROR;
				CLANG_WARN_UNREACHABLE_CODE = YES;
				CLANG_WARN__DUPLICATE_METHOD_MATCH = YES;
				"CODE_SIGN_IDENTITY[sdk=iphoneos*]" = "iPhone Developer";
				COPY_PHASE_STRIP = NO;
				DEBUG_INFORMATION_FORMAT = dwarf;
				ENABLE_STRICT_OBJC_MSGSEND = YES;
				ENABLE_TESTABILITY = YES;
				GCC_C_LANGUAGE_STANDARD = gnu99;
				GCC_DYNAMIC_NO_PIC = NO;
				GCC_NO_COMMON_BLOCKS = YES;
				GCC_OPTIMIZATION_LEVEL = 0;
				GCC_PREPROCESSOR_DEFINITIONS = (
					"DEBUG=1",
					"$(inherited)",
				);
				GCC_WARN_64_TO_32_BIT_CONVERSION = YES;
				GCC_WARN_ABOUT_RETURN_TYPE = YES_ERROR;
				GCC_WARN_UNDECLARED_SELECTOR = YES;
				GCC_WARN_UNINITIALIZED_AUTOS = YES_AGGRESSIVE;
				GCC_WARN_UNUSED_FUNCTION = YES;
				GCC_WARN_UNUSED_VARIABLE = YES;
				IPHONEOS_DEPLOYMENT_TARGET = 9.3;
				MTL_ENABLE_DEBUG_INFO = YES;
				ONLY_ACTIVE_ARCH = YES;
				SDKROOT = iphoneos;
				SWIFT_OPTIMIZATION_LEVEL = "-Onone";
				TARGETED_DEVICE_FAMILY = "1,2";
			};
			name = Debug;
		};
		18512B671D0C7EFC00704EAD /* Release */ = {
			isa = XCBuildConfiguration;
			buildSettings = {
				ALWAYS_SEARCH_USER_PATHS = NO;
				CLANG_ANALYZER_NONNULL = YES;
				CLANG_CXX_LANGUAGE_STANDARD = "gnu++0x";
				CLANG_CXX_LIBRARY = "libc++";
				CLANG_ENABLE_MODULES = YES;
				CLANG_ENABLE_OBJC_ARC = YES;
				CLANG_WARN_BOOL_CONVERSION = YES;
				CLANG_WARN_CONSTANT_CONVERSION = YES;
				CLANG_WARN_DIRECT_OBJC_ISA_USAGE = YES_ERROR;
				CLANG_WARN_EMPTY_BODY = YES;
				CLANG_WARN_ENUM_CONVERSION = YES;
				CLANG_WARN_INT_CONVERSION = YES;
				CLANG_WARN_OBJC_ROOT_CLASS = YES_ERROR;
				CLANG_WARN_UNREACHABLE_CODE = YES;
				CLANG_WARN__DUPLICATE_METHOD_MATCH = YES;
				"CODE_SIGN_IDENTITY[sdk=iphoneos*]" = "iPhone Developer";
				COPY_PHASE_STRIP = NO;
				DEBUG_INFORMATION_FORMAT = "dwarf-with-dsym";
				ENABLE_NS_ASSERTIONS = NO;
				ENABLE_STRICT_OBJC_MSGSEND = YES;
				GCC_C_LANGUAGE_STANDARD = gnu99;
				GCC_NO_COMMON_BLOCKS = YES;
				GCC_WARN_64_TO_32_BIT_CONVERSION = YES;
				GCC_WARN_ABOUT_RETURN_TYPE = YES_ERROR;
				GCC_WARN_UNDECLARED_SELECTOR = YES;
				GCC_WARN_UNINITIALIZED_AUTOS = YES_AGGRESSIVE;
				GCC_WARN_UNUSED_FUNCTION = YES;
				GCC_WARN_UNUSED_VARIABLE = YES;
				IPHONEOS_DEPLOYMENT_TARGET = 9.3;
				MTL_ENABLE_DEBUG_INFO = NO;
				SDKROOT = iphoneos;
				TARGETED_DEVICE_FAMILY = "1,2";
				VALIDATE_PRODUCT = YES;
			};
			name = Release;
		};
		18512B691D0C7EFC00704EAD /* Debug */ = {
			isa = XCBuildConfiguration;
			buildSettings = {
				ASSETCATALOG_COMPILER_APPICON_NAME = AppIcon;
				INFOPLIST_FILE = test2/Info.plist;
				LD_RUNPATH_SEARCH_PATHS = "$(inherited) @executable_path/Frameworks";
				PRODUCT_BUNDLE_IDENTIFIER = zurv.test2;
				PRODUCT_NAME = "$(TARGET_NAME)";
			};
			name = Debug;
		};
		18512B6A1D0C7EFC00704EAD /* Release */ = {
			isa = XCBuildConfiguration;
			buildSettings = {
				ASSETCATALOG_COMPILER_APPICON_NAME = AppIcon;
				INFOPLIST_FILE = test2/Info.plist;
				LD_RUNPATH_SEARCH_PATHS = "$(inherited) @executable_path/Frameworks";
				PRODUCT_BUNDLE_IDENTIFIER = zurv.test2;
				PRODUCT_NAME = "$(TARGET_NAME)";
			};
			name = Release;
		};
		18512B6C1D0C7EFC00704EAD /* Debug */ = {
			isa = XCBuildConfiguration;
			buildSettings = {
				BUNDLE_LOADER = "$(TEST_HOST)";
				INFOPLIST_FILE = test2Tests/Info.plist;
				LD_RUNPATH_SEARCH_PATHS = "$(inherited) @executable_path/Frameworks @loader_path/Frameworks";
				PRODUCT_BUNDLE_IDENTIFIER = zurv.test2Tests;
				PRODUCT_NAME = "$(TARGET_NAME)";
				TEST_HOST = "$(BUILT_PRODUCTS_DIR)/test2.app/test2";
			};
			name = Debug;
		};
		18512B6D1D0C7EFC00704EAD /* Release */ = {
			isa = XCBuildConfiguration;
			buildSettings = {
				BUNDLE_LOADER = "$(TEST_HOST)";
				INFOPLIST_FILE = test2Tests/Info.plist;
				LD_RUNPATH_SEARCH_PATHS = "$(inherited) @executable_path/Frameworks @loader_path/Frameworks";
				PRODUCT_BUNDLE_IDENTIFIER = zurv.test2Tests;
				PRODUCT_NAME = "$(TARGET_NAME)";
				TEST_HOST = "$(BUILT_PRODUCTS_DIR)/test2.app/test2";
			};
			name = Release;
		};
		18512B6F1D0C7EFC00704EAD /* Debug */ = {
			isa = XCBuildConfiguration;
			buildSettings = {
				INFOPLIST_FILE = test2UITests/Info.plist;
				LD_RUNPATH_SEARCH_PATHS = "$(inherited) @executable_path/Frameworks @loader_path/Frameworks";
				PRODUCT_BUNDLE_IDENTIFIER = zurv.test2UITests;
				PRODUCT_NAME = "$(TARGET_NAME)";
				TEST_TARGET_NAME = test2;
			};
			name = Debug;
		};
		18512B701D0C7EFC00704EAD /* Release */ = {
			isa = XCBuildConfiguration;
			buildSettings = {
				INFOPLIST_FILE = test2UITests/Info.plist;
				LD_RUNPATH_SEARCH_PATHS = "$(inherited) @executable_path/Frameworks @loader_path/Frameworks";
				PRODUCT_BUNDLE_IDENTIFIER = zurv.test2UITests;
				PRODUCT_NAME = "$(TARGET_NAME)";
				TEST_TARGET_NAME = test2;
			};
			name = Release;
		};
/* End XCBuildConfiguration section */

/* Begin XCConfigurationList section */
		18512B3B1D0C7EFB00704EAD /* Build configuration list for PBXProject "test2" */ = {
			isa = XCConfigurationList;
			buildConfigurations = (
				18512B661D0C7EFC00704EAD /* Debug */,
				18512B671D0C7EFC00704EAD /* Release */,
			);
			defaultConfigurationIsVisible = 0;
			defaultConfigurationName = Release;
		};
		18512B681D0C7EFC00704EAD /* Build configuration list for PBXNativeTarget "test2" */ = {
			isa = XCConfigurationList;
			buildConfigurations = (
				18512B691D0C7EFC00704EAD /* Debug */,
				18512B6A1D0C7EFC00704EAD /* Release */,
			);
			defaultConfigurationIsVisible = 0;
		};
		18512B6B1D0C7EFC00704EAD /* Build configuration list for PBXNativeTarget "test2Tests" */ = {
			isa = XCConfigurationList;
			buildConfigurations = (
				18512B6C1D0C7EFC00704EAD /* Debug */,
				18512B6D1D0C7EFC00704EAD /* Release */,
			);
			defaultConfigurationIsVisible = 0;
		};
		18512B6E1D0C7EFC00704EAD /* Build configuration list for PBXNativeTarget "test2UITests" */ = {
			isa = XCConfigurationList;
			buildConfigurations = (
				18512B6F1D0C7EFC00704EAD /* Debug */,
				18512B701D0C7EFC00704EAD /* Release */,
			);
			defaultConfigurationIsVisible = 0;
		};
/* End XCConfigurationList section */
	};
	rootObject = 18512B381D0C7EFB00704EAD /* Project object */;
}
